# THIS IS AN AUTOGENERATED FILE. DO NOT EDIT THIS FILE DIRECTLY.
# yarn lockfile v1


"@esbuild/aix-ppc64@0.24.1":
  version "0.24.1"
  resolved "https://registry.yarnpkg.com/@esbuild/aix-ppc64/-/aix-ppc64-0.24.1.tgz#6c744c62a8a0255c3702c3e18fdb02415b4c03ea"
  integrity sha512-rHKbvBIQEe46PUybicWHsWmStdB3fvHi7CKa36Ip6xUqEr61BmGcnrYohXRNswU9zP/okYLXMzIW6D0neeNv6Q==

"@esbuild/android-arm64@0.24.1":
  version "0.24.1"
  resolved "https://registry.yarnpkg.com/@esbuild/android-arm64/-/android-arm64-0.24.1.tgz#415f8b7951bfd679a386c548155444ee1bd86e04"
  integrity sha512-0jrWbRDWSPNSmt0HDp4qhWHeL69BL3YSSCGlwNn4logcOijz7nLMsHLT1g5Kb9A8T3dCjX+5qekr5zkH+gbqxQ==

"@esbuild/android-arm@0.24.1":
  version "0.24.1"
  resolved "https://registry.yarnpkg.com/@esbuild/android-arm/-/android-arm-0.24.1.tgz#db64da18f4be8180e2acb4c2ba8aa44dc04c39bf"
  integrity sha512-gKHsqtULVpVfsffGLaU/W4Jx+DLU8BLOQtvBrg+R22tz422VMgBK5moQ/ELDTRPR7Tqt9gLNk13XlvOFinXSzQ==

"@esbuild/android-x64@0.24.1":
  version "0.24.1"
  resolved "https://registry.yarnpkg.com/@esbuild/android-x64/-/android-x64-0.24.1.tgz#033ad3a8ee7c2277df2f6022e7fd5c46b74ace19"
  integrity sha512-FafSki3AkovwnU7zSMDyMKP93Fre1E+c7/mVErP46Y+63RiU2fvKekgpMuLkABDGLGahB/DD0PkPm0YAINmH0Q==

"@esbuild/darwin-arm64@0.24.1":
  version "0.24.1"
  resolved "https://registry.yarnpkg.com/@esbuild/darwin-arm64/-/darwin-arm64-0.24.1.tgz#ec48baaf74657955f68e721e166580aa930009d3"
  integrity sha512-hJU5uPOQ0SBZ+0OZVx9dkpNyS0Cj1O7sjmqFMeQdp5ATYzCHhMD0CREHgq59eB0AFtCYDBoNcZXNJPwEZ/XDpA==

"@esbuild/darwin-x64@0.24.1":
  version "0.24.1"
  resolved "https://registry.yarnpkg.com/@esbuild/darwin-x64/-/darwin-x64-0.24.1.tgz#c8350c72d53fb118fbc08984b44b93ed207a63f0"
  integrity sha512-siNAX65WSBKU7c+XJEKByMruE/JsHY9HU+n5BIMiNlo5axVbWwGXN4HhJQzOlY4TtOwSt3LRbS0zuI5SOjgoyg==

"@esbuild/freebsd-arm64@0.24.1":
  version "0.24.1"
  resolved "https://registry.yarnpkg.com/@esbuild/freebsd-arm64/-/freebsd-arm64-0.24.1.tgz#e7af88b49d4fab4ff195a994746c196eb43a65f4"
  integrity sha512-Kkl8APGvkp1S1g9tttiicChe49p+A3198sISIVcUGECqDPFXk9hSmVrUmaoCZWKo/zGK9TgLczLRLXduuhLplw==

"@esbuild/freebsd-x64@0.24.1":
  version "0.24.1"
  resolved "https://registry.yarnpkg.com/@esbuild/freebsd-x64/-/freebsd-x64-0.24.1.tgz#92829d867397cdd2b2712263f645ead20e2db912"
  integrity sha512-7hm+A84yjna/LTVLad+8iG5cB/Ik+M/ekSrN4ALs9GolbwcyvtjSD+xoPhFFAg8D7xVu0JdDIoNNZ6+KWLcPoQ==

"@esbuild/linux-arm64@0.24.1":
  version "0.24.1"
  resolved "https://registry.yarnpkg.com/@esbuild/linux-arm64/-/linux-arm64-0.24.1.tgz#0901ffe1361a2282063239ac2da2578d2c97d7e2"
  integrity sha512-hjv91wG/3V8oKFa6yAew5wFYc+8usgOL/VH6cNEqFtqpWf8RDmwMIRnTmqwxGJ9/9H5ib3KZfgcIgYwoX7F9VQ==

"@esbuild/linux-arm@0.24.1":
  version "0.24.1"
  resolved "https://registry.yarnpkg.com/@esbuild/linux-arm/-/linux-arm-0.24.1.tgz#d69a209b1549a95db0770a6e5f5631c61572803d"
  integrity sha512-USovmgDDpiWs16nRCH/NmRfQUJEaGGDPHqK6+pGzuMZOfoe0MAciJRMu1AKP3Ky4gnpuQcXv7aPHpX0IwLWRhA==

"@esbuild/linux-ia32@0.24.1":
  version "0.24.1"
  resolved "https://registry.yarnpkg.com/@esbuild/linux-ia32/-/linux-ia32-0.24.1.tgz#9ab1765b837e53acbe1799c784e17996506ed1e6"
  integrity sha512-TwspFcPJpYyBqDcoqSLBBaoGRGiPWkjH5V4raiFQ6maAkBho/rfQvtVpNPkLHEwnPlVSdl4HkHZ3n7NvvtU10w==

"@esbuild/linux-loong64@0.24.1":
  version "0.24.1"
  resolved "https://registry.yarnpkg.com/@esbuild/linux-loong64/-/linux-loong64-0.24.1.tgz#c5fd74a7a4a4f1c21e295a06e9675415d1a1f386"
  integrity sha512-BS3gcpF33m9hiVFeMCF2+LTdkEr/JljXZGQrlR0Bb7B3pn+uQrAJebclIGar+r8BDJ2yvX9bN4GmMPIKdS20EA==

"@esbuild/linux-mips64el@0.24.1":
  version "0.24.1"
  resolved "https://registry.yarnpkg.com/@esbuild/linux-mips64el/-/linux-mips64el-0.24.1.tgz#e875a73cb836e82e167346545a3a62fd031c222b"
  integrity sha512-X35vI7EufAX17Nqo6XoD89/HSlPJUB5zJ1UKeTiGOLXpOaz7zo+t1trSQOoq2Gr8usOX++S77VUw6L2wTMc2cA==

"@esbuild/linux-ppc64@0.24.1":
  version "0.24.1"
  resolved "https://registry.yarnpkg.com/@esbuild/linux-ppc64/-/linux-ppc64-0.24.1.tgz#261c3ac86b75940e4b0e81e9676cbdb59b60a176"
  integrity sha512-I+XQCBhTIXKqyLFDcyMP9Dp0u0fx2TiH3BTh4iIg58/a5hmS3l3Yr2AHG8gEsmjUA7WGfKy2ZqxsaVud15iI1w==

"@esbuild/linux-riscv64@0.24.1":
  version "0.24.1"
  resolved "https://registry.yarnpkg.com/@esbuild/linux-riscv64/-/linux-riscv64-0.24.1.tgz#600e64c39f47411486ae53cb8a4da63594a0dcb0"
  integrity sha512-wK7f0cK/Mq2x42ImYAr+OWzyv4OQUQj/RcKvbxcEoe46LFCa4w08Cqow9zX8vN9SE8BScm4NGYT7CO0G8UBrTA==

"@esbuild/linux-s390x@0.24.1":
  version "0.24.1"
  resolved "https://registry.yarnpkg.com/@esbuild/linux-s390x/-/linux-s390x-0.24.1.tgz#b210628db31d5712e2ee4536d4f133d0f650253a"
  integrity sha512-47oImRwZavr5qEvEHNPcdly8LuFp3i4xrqT9mNbUn4ZKbwyegVp10k1E1YARiOim8ggfPAPABhPqXdS1NJOAnw==

"@esbuild/linux-x64@0.24.1":
  version "0.24.1"
  resolved "https://registry.yarnpkg.com/@esbuild/linux-x64/-/linux-x64-0.24.1.tgz#04d4adc0589e48aecd113c98b43da339b899df96"
  integrity sha512-8qkGHVK1hH819iH7c9OsQsfUhJ0cgznoGT6vHRNxvNFPhcn0Y7HXLS0ndpY1sUkSM+umIdknz6vEqgPk6pbyIA==

"@esbuild/netbsd-arm64@0.24.1":
  version "0.24.1"
  resolved "https://registry.yarnpkg.com/@esbuild/netbsd-arm64/-/netbsd-arm64-0.24.1.tgz#03d24e0aa8e29b97d279a5599dc7a8c62e1b981b"
  integrity sha512-lH+bWKi8aCvlDu0vDVcZV4ENiHjVus3SQFueeydJ/mSfKywQ3LnbSjJ8PUgj+3dllq1OTFCGgh+x/14hrULVrg==

"@esbuild/netbsd-x64@0.24.1":
  version "0.24.1"
  resolved "https://registry.yarnpkg.com/@esbuild/netbsd-x64/-/netbsd-x64-0.24.1.tgz#b76ca03f77bdf9716216f486b412acf6a16af555"
  integrity sha512-OdjqCVKtJuxRk9gPit/iI4/wSCGOnCcuPkgkT8Pt+0vM63QUOBd5oNX2umXUBr4bYTpSCL/aGxrAb3qENcqA4g==

"@esbuild/openbsd-arm64@0.24.1":
  version "0.24.1"
  resolved "https://registry.yarnpkg.com/@esbuild/openbsd-arm64/-/openbsd-arm64-0.24.1.tgz#117fe1658cab3f2b42c10ed1fae908f571acf4af"
  integrity sha512-wy2psEw0wc+xbSB4Et3XZaONClCagOlQTsqRJaLtCcPggnuZMfb17c5T5w6RO6pFF5J2SWoM7+MJuWUEzvQN+Q==

"@esbuild/openbsd-x64@0.24.1":
  version "0.24.1"
  resolved "https://registry.yarnpkg.com/@esbuild/openbsd-x64/-/openbsd-x64-0.24.1.tgz#151910da3437f290cca8b74d042fb496c0ab79a0"
  integrity sha512-GClG42X5JYHoQU5Jry0u+uN2vmKOwrifl10IvDBXtkxyGr9oqOJyrd2U+H2ZoZGNIt21d7WcVJJmJq3I3fl+5g==

"@esbuild/sunos-x64@0.24.1":
  version "0.24.1"
  resolved "https://registry.yarnpkg.com/@esbuild/sunos-x64/-/sunos-x64-0.24.1.tgz#a6e3b3ff72ab74555626a2f44e27ce300f6a2d5e"
  integrity sha512-a0VfBsFPrlFKxzXuJ4nP0ia3jEbzBk/JW2wEW44dwr0RDOr/Y1+d+EJgT6L3h8y9X8ctig7ks0rWlbjkPn6PcA==

"@esbuild/win32-arm64@0.24.1":
  version "0.24.1"
  resolved "https://registry.yarnpkg.com/@esbuild/win32-arm64/-/win32-arm64-0.24.1.tgz#a2b6216c6e6915ba71afed29c354cf8b0ad11df0"
  integrity sha512-HqeXG1ttUnENzcGlPr0ouQHk8PQIoWi3thXElmafH1pVxC94sYdBVQregb2Qz7l1BmooUIOnzCGPCT4Oma0yTg==

"@esbuild/win32-ia32@0.24.1":
  version "0.24.1"
  resolved "https://registry.yarnpkg.com/@esbuild/win32-ia32/-/win32-ia32-0.24.1.tgz#82f4e6ae61b2cee14058b64cdbf2fc8b47ce4a43"
  integrity sha512-uA0iNg5jSy9XMiugX8Qtm3p9uUl9hi4JbOY18KnFBNTB+GsfJIWrDpE1cRFZrSHePiZs9cAwnprILpAKJWuYig==

"@esbuild/win32-x64@0.24.1":
  version "0.24.1"
  resolved "https://registry.yarnpkg.com/@esbuild/win32-x64/-/win32-x64-0.24.1.tgz#91ce1b1b64eed94ff37d4cafdcf0067e7488cbd5"
  integrity sha512-wekV0z60AyaD8yYgRtxckqvGzzVaQmQRAhNrR352KzXLfhc4peh3UBMMmtYHbOqml6KblKy7oihC1eaZS68vRw==

"@prettier/plugin-ruby@^4.0.4":
  version "4.0.4"
  resolved "https://registry.yarnpkg.com/@prettier/plugin-ruby/-/plugin-ruby-4.0.4.tgz#73d85fc2a1731a3f62b57ac3116cf1c234027cb6"
  integrity sha512-lCpvfS/dQU5WrwN3AQ5vR8qrvj2h5gE41X08NNzAAXvHdM4zwwGRcP2sHSxfu6n6No+ljWCVx95NvJPFTTjCTg==

chokidar@^4.0.0:
  version "4.0.1"
  resolved "https://registry.yarnpkg.com/chokidar/-/chokidar-4.0.1.tgz#4a6dff66798fb0f72a94f616abbd7e1a19f31d41"
  integrity sha512-n8enUVCED/KVRQlab1hr3MVpcVMvxtZjmEa956u+4YijlmQED223XMSYj2tLuKvr4jcCTzNNMpQDUer72MMmzA==
  dependencies:
    readdirp "^4.0.1"

esbuild@^0.24.1:
  version "0.24.1"
  resolved "https://registry.yarnpkg.com/esbuild/-/esbuild-0.24.1.tgz#ef19d4bc6347a274e2cee099d8e83beb31e41197"
  integrity sha512-bHNW57YAKNh1VSbXP33EL9DevtRuT10czGhL9ynKpOAeBMNAkzsP8FSNoFTbU3abQB7kOb+JqUc89FqlZNbEeQ==
  optionalDependencies:
    "@esbuild/aix-ppc64" "0.24.1"
    "@esbuild/android-arm" "0.24.1"
    "@esbuild/android-arm64" "0.24.1"
    "@esbuild/android-x64" "0.24.1"
    "@esbuild/darwin-arm64" "0.24.1"
    "@esbuild/darwin-x64" "0.24.1"
    "@esbuild/freebsd-arm64" "0.24.1"
    "@esbuild/freebsd-x64" "0.24.1"
    "@esbuild/linux-arm" "0.24.1"
    "@esbuild/linux-arm64" "0.24.1"
    "@esbuild/linux-ia32" "0.24.1"
    "@esbuild/linux-loong64" "0.24.1"
    "@esbuild/linux-mips64el" "0.24.1"
    "@esbuild/linux-ppc64" "0.24.1"
    "@esbuild/linux-riscv64" "0.24.1"
    "@esbuild/linux-s390x" "0.24.1"
    "@esbuild/linux-x64" "0.24.1"
    "@esbuild/netbsd-arm64" "0.24.1"
    "@esbuild/netbsd-x64" "0.24.1"
    "@esbuild/openbsd-arm64" "0.24.1"
    "@esbuild/openbsd-x64" "0.24.1"
    "@esbuild/sunos-x64" "0.24.1"
    "@esbuild/win32-arm64" "0.24.1"
    "@esbuild/win32-ia32" "0.24.1"
    "@esbuild/win32-x64" "0.24.1"

govuk-frontend@^5.6.0:
  version "5.6.0"
  resolved "https://registry.yarnpkg.com/govuk-frontend/-/govuk-frontend-5.6.0.tgz#8c0975f0d825ec7192bcfe64e3e97ef3dfa7dea1"
  integrity sha512-yNA4bL7i7mNrg36wPNZ3RctHo9mjl82Phs8MWs1lwovxJuQ4ogEo/XWn2uB1HxkXNqgMlW4wnd0iiKgRMfxYfw==

immutable@^4.0.0:
  version "4.2.4"
  resolved "https://registry.yarnpkg.com/immutable/-/immutable-4.2.4.tgz#83260d50889526b4b531a5e293709a77f7c55a2a"
  integrity sha512-WDxL3Hheb1JkRN3sQkyujNlL/xRjAo3rJtaU5xeufUauG66JdMr32bLj4gF+vWl84DIA3Zxw7tiAjneYzRRw+w==

prettier@^3.3.3:
  version "3.3.3"
  resolved "https://registry.yarnpkg.com/prettier/-/prettier-3.3.3.tgz#30c54fe0be0d8d12e6ae61dbb10109ea00d53105"
  integrity sha512-i2tDNA0O5IrMO757lfrdQZCc2jPNDVntV0m/+4whiDfWaTKfMNgR7Qz0NAeGz/nRqF4m5/6CLzbP4/liHt12Ew==

readdirp@^4.0.1:
  version "4.0.1"
  resolved "https://registry.yarnpkg.com/readdirp/-/readdirp-4.0.1.tgz#b2fe35f8dca63183cd3b86883ecc8f720ea96ae6"
  integrity sha512-GkMg9uOTpIWWKbSsgwb5fA4EavTR+SG/PMPoAY8hkhHfEEY0/vqljY+XHqtDf2cr2IJtoNRDbrrEpZUiZCkYRw==

sass@^1.79.3:
  version "1.79.3"
  resolved "https://registry.yarnpkg.com/sass/-/sass-1.79.3.tgz#7811b000eb68195fe51dea89177e73e7ef7f546f"
  integrity sha512-m7dZxh0W9EZ3cw50Me5GOuYm/tVAJAn91SUnohLRo9cXBixGUOdvmryN+dXpwR831bhoY3Zv7rEFt85PUwTmzA==
  dependencies:
    chokidar "^4.0.0"
    immutable "^4.0.0"
    source-map-js ">=0.6.2 <2.0.0"

"source-map-js@>=0.6.2 <2.0.0":
  version "1.0.2"
  resolved "https://registry.yarnpkg.com/source-map-js/-/source-map-js-1.0.2.tgz#adbc361d9c62df380125e7f161f71c826f1e490c"
  integrity sha512-R0XvVJ9WusLiqTCEiGCmICCMplcCkIwwR11mOSD9CR5u+IXYdiseeEuXCVAjS54zqwkLcPNnmU4OeJ6tUrWhDw==
